
Microsoft Visual Studio Solution File, Format Version 12.00
# Visual Studio Version 17
VisualStudioVersion = 17.13.35828.75
MinimumVisualStudioVersion = 10.0.40219.1
Project("{FAE04EC0-301F-11D3-BF4B-00C04F79EFBC}") = "Publisher", "Order-Management\Publisher.csproj", "{5C351A7D-F071-490E-BCAE-A6E91F6261D6}"
EndProject
Project("{FAE04EC0-301F-11D3-BF4B-00C04F79EFBC}") = "Consumer", "Consumer\Consumer.csproj", "{10B29E3D-B740-4F9E-8C72-499DCE67DA6F}"
EndProject
Project("{FAE04EC0-301F-11D3-BF4B-00C04F79EFBC}") = "App", "App\App.csproj", "{9D70F9D9-F07A-4459-A9B0-C1A4194F536E}"
EndProject
Project("{FAE04EC0-301F-11D3-BF4B-00C04F79EFBC}") = "RabbitMQManipulation", "RabbitMQManipulation\RabbitMQManipulation.csproj", "{83BB79A5-9AEA-447B-8973-E65E1AA1A21B}"
EndProject
Project("{FAE04EC0-301F-11D3-BF4B-00C04F79EFBC}") = "Restaurant", "Restaurant\Restaurant.csproj", "{44A6DBD8-2D9A-46BE-A0C6-E52281034F36}"
EndProject
Project("{FAE04EC0-301F-11D3-BF4B-00C04F79EFBC}") = "Waiter", "Waiter\Waiter.csproj", "{7D9578B5-A629-4C03-8C31-702C6CAE09A5}"
EndProject
Project("{2150E333-8FDC-42A3-9474-1A3956D46DE8}") = "RestaurantRabbitMQ", "RestaurantRabbitMQ", "{02EA681E-C7D8-13C7-8484-4AC65E1B71E8}"
EndProject
Global
	GlobalSection(SolutionConfigurationPlatforms) = preSolution
		Debug|Any CPU = Debug|Any CPU
		Release|Any CPU = Release|Any CPU
	EndGlobalSection
	GlobalSection(ProjectConfigurationPlatforms) = postSolution
		{5C351A7D-F071-490E-BCAE-A6E91F6261D6}.Debug|Any CPU.ActiveCfg = Debug|Any CPU
		{5C351A7D-F071-490E-BCAE-A6E91F6261D6}.Debug|Any CPU.Build.0 = Debug|Any CPU
		{5C351A7D-F071-490E-BCAE-A6E91F6261D6}.Release|Any CPU.ActiveCfg = Release|Any CPU
		{5C351A7D-F071-490E-BCAE-A6E91F6261D6}.Release|Any CPU.Build.0 = Release|Any CPU
		{10B29E3D-B740-4F9E-8C72-499DCE67DA6F}.Debug|Any CPU.ActiveCfg = Debug|Any CPU
		{10B29E3D-B740-4F9E-8C72-499DCE67DA6F}.Debug|Any CPU.Build.0 = Debug|Any CPU
		{10B29E3D-B740-4F9E-8C72-499DCE67DA6F}.Release|Any CPU.ActiveCfg = Release|Any CPU
		{10B29E3D-B740-4F9E-8C72-499DCE67DA6F}.Release|Any CPU.Build.0 = Release|Any CPU
		{9D70F9D9-F07A-4459-A9B0-C1A4194F536E}.Debug|Any CPU.ActiveCfg = Debug|Any CPU
		{9D70F9D9-F07A-4459-A9B0-C1A4194F536E}.Debug|Any CPU.Build.0 = Debug|Any CPU
		{9D70F9D9-F07A-4459-A9B0-C1A4194F536E}.Release|Any CPU.ActiveCfg = Release|Any CPU
		{9D70F9D9-F07A-4459-A9B0-C1A4194F536E}.Release|Any CPU.Build.0 = Release|Any CPU
		{83BB79A5-9AEA-447B-8973-E65E1AA1A21B}.Debug|Any CPU.ActiveCfg = Debug|Any CPU
		{83BB79A5-9AEA-447B-8973-E65E1AA1A21B}.Debug|Any CPU.Build.0 = Debug|Any CPU
		{83BB79A5-9AEA-447B-8973-E65E1AA1A21B}.Release|Any CPU.ActiveCfg = Release|Any CPU
		{83BB79A5-9AEA-447B-8973-E65E1AA1A21B}.Release|Any CPU.Build.0 = Release|Any CPU
		{44A6DBD8-2D9A-46BE-A0C6-E52281034F36}.Debug|Any CPU.ActiveCfg = Debug|Any CPU
		{44A6DBD8-2D9A-46BE-A0C6-E52281034F36}.Debug|Any CPU.Build.0 = Debug|Any CPU
		{44A6DBD8-2D9A-46BE-A0C6-E52281034F36}.Release|Any CPU.ActiveCfg = Release|Any CPU
		{44A6DBD8-2D9A-46BE-A0C6-E52281034F36}.Release|Any CPU.Build.0 = Release|Any CPU
		{7D9578B5-A629-4C03-8C31-702C6CAE09A5}.Debug|Any CPU.ActiveCfg = Debug|Any CPU
		{7D9578B5-A629-4C03-8C31-702C6CAE09A5}.Debug|Any CPU.Build.0 = Debug|Any CPU
		{7D9578B5-A629-4C03-8C31-702C6CAE09A5}.Release|Any CPU.ActiveCfg = Release|Any CPU
		{7D9578B5-A629-4C03-8C31-702C6CAE09A5}.Release|Any CPU.Build.0 = Release|Any CPU
	EndGlobalSection
	GlobalSection(SolutionProperties) = preSolution
		HideSolutionNode = FALSE
	EndGlobalSection
	GlobalSection(NestedProjects) = preSolution
		{5C351A7D-F071-490E-BCAE-A6E91F6261D6} = {02EA681E-C7D8-13C7-8484-4AC65E1B71E8}
		{10B29E3D-B740-4F9E-8C72-499DCE67DA6F} = {02EA681E-C7D8-13C7-8484-4AC65E1B71E8}
		{83BB79A5-9AEA-447B-8973-E65E1AA1A21B} = {02EA681E-C7D8-13C7-8484-4AC65E1B71E8}
	EndGlobalSection
	GlobalSection(ExtensibilityGlobals) = postSolution
		SolutionGuid = {9A9709ED-BC7A-4934-BE2D-8191110E1CE4}
	EndGlobalSection
EndGlobal
